{
  "name": "playnite-web",
  "version": "1.0.0",
  "lockfileVersion": 3,
  "requires": true,
  "packages": {
    "": {
      "name": "playnite-web",
      "version": "1.0.0",
      "license": "AGPL v3",
      "dependencies": {
        "awesomplete": "^1.1.5"
      }
    },
    "node_modules/awesomplete": {
      "version": "1.1.7",
      "resolved": "https://registry.npmjs.org/awesomplete/-/awesomplete-1.1.7.tgz",
      "integrity": "sha512-hwClzFReIIfheoMWpoJ7juLp1o6Q7YjTtEdZIGfXvhRHA9ewKM03VS4ZoK+OEFIKM066PfQt9pzRIGV1TguRBw==",
      "license": "MIT"
    }
  }
}
